
Microsoft Visual Studio Solution File, Format Version 12.00
# Visual Studio Version 16
VisualStudioVersion = 16.0.29709.97
MinimumVisualStudioVersion = 10.0.40219.1
Project("{FAE04EC0-301F-11D3-BF4B-00C04F79EFBC}") = "WindowsFormsApp1", "WindowsFormsApp1\WindowsFormsApp1.csproj", "{FF422013-D0E6-4F58-9AFE-42E6C93D9F65}"
EndProject
Global
	GlobalSection(SolutionConfigurationPlatforms) = preSolution
		Debug|Any CPU = Debug|Any CPU
		Release|Any CPU = Release|Any CPU
	EndGlobalSection
	GlobalSection(ProjectConfigurationPlatforms) = postSolution
		{FF422013-D0E6-4F58-9AFE-42E6C93D9F65}.Debug|Any CPU.ActiveCfg = Debug|Any CPU
		{FF422013-D0E6-4F58-9AFE-42E6C93D9F65}.Debug|Any CPU.Build.0 = Debug|Any CPU
		{FF422013-D0E6-4F58-9AFE-42E6C93D9F65}.Release|Any CPU.ActiveCfg = Release|Any CPU
		{FF422013-D0E6-4F58-9AFE-42E6C93D9F65}.Release|Any CPU.Build.0 = Release|Any CPU
	EndGlobalSection
	GlobalSection(SolutionProperties) = preSolution
		HideSolutionNode = FALSE
	EndGlobalSection
	GlobalSection(ExtensibilityGlobals) = postSolution
		SolutionGuid = {8E1B41F5-5677-404F-8336-C6D9D86BB432}
	EndGlobalSection
EndGlobal
